{
  "name": "sound_editor",
  "version": "1.0.0",
  "lockfileVersion": 3,
  "requires": true,
  "packages": {
    "": {
      "name": "sound_editor",
      "version": "1.0.0",
      "license": "ISC",
      "dependencies": {
        "sound_editor": "file:"
      }
    },
    "node_modules/sound_editor": {
      "resolved": "",
      "link": true
    }
  }
}
